
Microsoft Visual Studio Solution File, Format Version 12.00
# Visual Studio 15
VisualStudioVersion = 15.0.27703.2000
MinimumVisualStudioVersion = 10.0.40219.1
Project("{FAE04EC0-301F-11D3-BF4B-00C04F79EFBC}") = "PokemonAPI", "PokemonAPI\PokemonAPI.csproj", "{BD0A674F-5B47-40A2-B42B-DFABAA62CDD7}"
EndProject
Global
	GlobalSection(SolutionConfigurationPlatforms) = preSolution
		Debug|Any CPU = Debug|Any CPU
		Release|Any CPU = Release|Any CPU
	EndGlobalSection
	GlobalSection(ProjectConfigurationPlatforms) = postSolution
		{BD0A674F-5B47-40A2-B42B-DFABAA62CDD7}.Debug|Any CPU.ActiveCfg = Debug|Any CPU
		{BD0A674F-5B47-40A2-B42B-DFABAA62CDD7}.Debug|Any CPU.Build.0 = Debug|Any CPU
		{BD0A674F-5B47-40A2-B42B-DFABAA62CDD7}.Release|Any CPU.ActiveCfg = Release|Any CPU
		{BD0A674F-5B47-40A2-B42B-DFABAA62CDD7}.Release|Any CPU.Build.0 = Release|Any CPU
	EndGlobalSection
	GlobalSection(SolutionProperties) = preSolution
		HideSolutionNode = FALSE
	EndGlobalSection
	GlobalSection(ExtensibilityGlobals) = postSolution
		SolutionGuid = {32C54D90-7DAF-4E06-BC00-4CDEFD0BD7E4}
	EndGlobalSection
EndGlobal
